// !$*UTF8*$!
{
	archiveVersion = 1;
	classes = {
	};
	objectVersion = 56;
	objects = {

/* Begin PBXBuildFile section */
		611A33D62D5E5F7600D19A53 /* AppDelegate.swift in Sources */ = {isa = PBXBuildFile; fileRef = 611A33D52D5E5F7600D19A53 /* AppDelegate.swift */; };
		611A33D82D5E5F7600D19A53 /* SceneDelegate.swift in Sources */ = {isa = PBXBuildFile; fileRef = 611A33D72D5E5F7600D19A53 /* SceneDelegate.swift */; };
		611A33DA2D5E5F7600D19A53 /* APODViewController.swift in Sources */ = {isa = PBXBuildFile; fileRef = 611A33D92D5E5F7600D19A53 /* APODViewController.swift */; };
		611A33DF2D5E5F7900D19A53 /* Assets.xcassets in Resources */ = {isa = PBXBuildFile; fileRef = 611A33DE2D5E5F7900D19A53 /* Assets.xcassets */; };
		611A33E22D5E5F7900D19A53 /* LaunchScreen.storyboard in Resources */ = {isa = PBXBuildFile; fileRef = 611A33E02D5E5F7900D19A53 /* LaunchScreen.storyboard */; };
		611A33EA2D5E673300D19A53 /* ViewCode.swift in Sources */ = {isa = PBXBuildFile; fileRef = 611A33E92D5E673300D19A53 /* ViewCode.swift */; };
		611A33EC2D5E68BD00D19A53 /* APODScreenView.swift in Sources */ = {isa = PBXBuildFile; fileRef = 611A33EB2D5E68BD00D19A53 /* APODScreenView.swift */; };
		611A33EF2D5E72E600D19A53 /* RequestBuilder.swift in Sources */ = {isa = PBXBuildFile; fileRef = 611A33EE2D5E72E600D19A53 /* RequestBuilder.swift */; };
		611A33F12D5E731700D19A53 /* Endpoint.swift in Sources */ = {isa = PBXBuildFile; fileRef = 611A33F02D5E731700D19A53 /* Endpoint.swift */; };
		611A33F32D5E734600D19A53 /* HTTPMethod.swift in Sources */ = {isa = PBXBuildFile; fileRef = 611A33F22D5E734600D19A53 /* HTTPMethod.swift */; };
		611A33F52D5E737800D19A53 /* DefaultRequestBuilder.swift in Sources */ = {isa = PBXBuildFile; fileRef = 611A33F42D5E737800D19A53 /* DefaultRequestBuilder.swift */; };
		611A33F72D5E73A900D19A53 /* NetworkLogger.swift in Sources */ = {isa = PBXBuildFile; fileRef = 611A33F62D5E73A900D19A53 /* NetworkLogger.swift */; };
		611A33F92D5E73D500D19A53 /* NetworkError.swift in Sources */ = {isa = PBXBuildFile; fileRef = 611A33F82D5E73D500D19A53 /* NetworkError.swift */; };
		611A33FB2D5E73FD00D19A53 /* NetworkLayer.swift in Sources */ = {isa = PBXBuildFile; fileRef = 611A33FA2D5E73FD00D19A53 /* NetworkLayer.swift */; };
		611A33FD2D5E742300D19A53 /* ServiceManager.swift in Sources */ = {isa = PBXBuildFile; fileRef = 611A33FC2D5E742300D19A53 /* ServiceManager.swift */; };
		611A34002D5E751500D19A53 /* APODResponse.swift in Sources */ = {isa = PBXBuildFile; fileRef = 611A33FF2D5E751500D19A53 /* APODResponse.swift */; };
		611A34042D5FAED700D19A53 /* APODService.swift in Sources */ = {isa = PBXBuildFile; fileRef = 611A34032D5FAED700D19A53 /* APODService.swift */; };
		611A340B2D5FB04200D19A53 /* APODViewModel.swift in Sources */ = {isa = PBXBuildFile; fileRef = 611A340A2D5FB04200D19A53 /* APODViewModel.swift */; };
		611A34102D60BE6800D19A53 /* APODTabBarController.swift in Sources */ = {isa = PBXBuildFile; fileRef = 611A340F2D60BE6800D19A53 /* APODTabBarController.swift */; };
		611A34122D60D72B00D19A53 /* String+Extensions.swift in Sources */ = {isa = PBXBuildFile; fileRef = 611A34112D60D72B00D19A53 /* String+Extensions.swift */; };
		611A34162D6107F200D19A53 /* LoadingView.swift in Sources */ = {isa = PBXBuildFile; fileRef = 611A34152D6107F200D19A53 /* LoadingView.swift */; };
		EAF856B35FB370EBD8316D7C /* Pods_APOD.framework in Frameworks */ = {isa = PBXBuildFile; fileRef = 574AA0046AA52F75F2981601 /* Pods_APOD.framework */; };
/* End PBXBuildFile section */

/* Begin PBXFileReference section */
		2F4F4BF98B2D333ADD1F7E7E /* Pods-APOD.release.xcconfig */ = {isa = PBXFileReference; includeInIndex = 1; lastKnownFileType = text.xcconfig; name = "Pods-APOD.release.xcconfig"; path = "Target Support Files/Pods-APOD/Pods-APOD.release.xcconfig"; sourceTree = "<group>"; };
		574AA0046AA52F75F2981601 /* Pods_APOD.framework */ = {isa = PBXFileReference; explicitFileType = wrapper.framework; includeInIndex = 0; path = Pods_APOD.framework; sourceTree = BUILT_PRODUCTS_DIR; };
		611A33D22D5E5F7600D19A53 /* APOD.app */ = {isa = PBXFileReference; explicitFileType = wrapper.application; includeInIndex = 0; path = APOD.app; sourceTree = BUILT_PRODUCTS_DIR; };
		611A33D52D5E5F7600D19A53 /* AppDelegate.swift */ = {isa = PBXFileReference; lastKnownFileType = sourcecode.swift; path = AppDelegate.swift; sourceTree = "<group>"; };
		611A33D72D5E5F7600D19A53 /* SceneDelegate.swift */ = {isa = PBXFileReference; lastKnownFileType = sourcecode.swift; path = SceneDelegate.swift; sourceTree = "<group>"; };
		611A33D92D5E5F7600D19A53 /* APODViewController.swift */ = {isa = PBXFileReference; lastKnownFileType = sourcecode.swift; path = APODViewController.swift; sourceTree = "<group>"; };
		611A33DE2D5E5F7900D19A53 /* Assets.xcassets */ = {isa = PBXFileReference; lastKnownFileType = folder.assetcatalog; path = Assets.xcassets; sourceTree = "<group>"; };
		611A33E12D5E5F7900D19A53 /* Base */ = {isa = PBXFileReference; lastKnownFileType = file.storyboard; name = Base; path = Base.lproj/LaunchScreen.storyboard; sourceTree = "<group>"; };
		611A33E32D5E5F7900D19A53 /* Info.plist */ = {isa = PBXFileReference; lastKnownFileType = text.plist.xml; path = Info.plist; sourceTree = "<group>"; };
		611A33E92D5E673300D19A53 /* ViewCode.swift */ = {isa = PBXFileReference; lastKnownFileType = sourcecode.swift; path = ViewCode.swift; sourceTree = "<group>"; };
		611A33EB2D5E68BD00D19A53 /* APODScreenView.swift */ = {isa = PBXFileReference; lastKnownFileType = sourcecode.swift; path = APODScreenView.swift; sourceTree = "<group>"; };
		611A33EE2D5E72E600D19A53 /* RequestBuilder.swift */ = {isa = PBXFileReference; lastKnownFileType = sourcecode.swift; path = RequestBuilder.swift; sourceTree = "<group>"; };
		611A33F02D5E731700D19A53 /* Endpoint.swift */ = {isa = PBXFileReference; lastKnownFileType = sourcecode.swift; path = Endpoint.swift; sourceTree = "<group>"; };
		611A33F22D5E734600D19A53 /* HTTPMethod.swift */ = {isa = PBXFileReference; lastKnownFileType = sourcecode.swift; path = HTTPMethod.swift; sourceTree = "<group>"; };
		611A33F42D5E737800D19A53 /* DefaultRequestBuilder.swift */ = {isa = PBXFileReference; lastKnownFileType = sourcecode.swift; path = DefaultRequestBuilder.swift; sourceTree = "<group>"; };
		611A33F62D5E73A900D19A53 /* NetworkLogger.swift */ = {isa = PBXFileReference; lastKnownFileType = sourcecode.swift; path = NetworkLogger.swift; sourceTree = "<group>"; };
		611A33F82D5E73D500D19A53 /* NetworkError.swift */ = {isa = PBXFileReference; lastKnownFileType = sourcecode.swift; path = NetworkError.swift; sourceTree = "<group>"; };
		611A33FA2D5E73FD00D19A53 /* NetworkLayer.swift */ = {isa = PBXFileReference; lastKnownFileType = sourcecode.swift; path = NetworkLayer.swift; sourceTree = "<group>"; };
		611A33FC2D5E742300D19A53 /* ServiceManager.swift */ = {isa = PBXFileReference; lastKnownFileType = sourcecode.swift; path = ServiceManager.swift; sourceTree = "<group>"; };
		611A33FF2D5E751500D19A53 /* APODResponse.swift */ = {isa = PBXFileReference; lastKnownFileType = sourcecode.swift; path = APODResponse.swift; sourceTree = "<group>"; };
		611A34032D5FAED700D19A53 /* APODService.swift */ = {isa = PBXFileReference; lastKnownFileType = sourcecode.swift; path = APODService.swift; sourceTree = "<group>"; };
		611A340A2D5FB04200D19A53 /* APODViewModel.swift */ = {isa = PBXFileReference; lastKnownFileType = sourcecode.swift; path = APODViewModel.swift; sourceTree = "<group>"; };
		611A340F2D60BE6800D19A53 /* APODTabBarController.swift */ = {isa = PBXFileReference; lastKnownFileType = sourcecode.swift; path = APODTabBarController.swift; sourceTree = "<group>"; };
		611A34112D60D72B00D19A53 /* String+Extensions.swift */ = {isa = PBXFileReference; lastKnownFileType = sourcecode.swift; path = "String+Extensions.swift"; sourceTree = "<group>"; };
		611A34152D6107F200D19A53 /* LoadingView.swift */ = {isa = PBXFileReference; lastKnownFileType = sourcecode.swift; path = LoadingView.swift; sourceTree = "<group>"; };
		93735CB33E99B323E502FE62 /* Pods-APOD.debug.xcconfig */ = {isa = PBXFileReference; includeInIndex = 1; lastKnownFileType = text.xcconfig; name = "Pods-APOD.debug.xcconfig"; path = "Target Support Files/Pods-APOD/Pods-APOD.debug.xcconfig"; sourceTree = "<group>"; };
/* End PBXFileReference section */

/* Begin PBXFrameworksBuildPhase section */
		611A33CF2D5E5F7600D19A53 /* Frameworks */ = {
			isa = PBXFrameworksBuildPhase;
			buildActionMask = 2147483647;
			files = (
				EAF856B35FB370EBD8316D7C /* Pods_APOD.framework in Frameworks */,
			);
			runOnlyForDeploymentPostprocessing = 0;
		};
/* End PBXFrameworksBuildPhase section */

/* Begin PBXGroup section */
		23F2C3252B2951A39921CA23 /* Pods */ = {
			isa = PBXGroup;
			children = (
				93735CB33E99B323E502FE62 /* Pods-APOD.debug.xcconfig */,
				2F4F4BF98B2D333ADD1F7E7E /* Pods-APOD.release.xcconfig */,
			);
			path = Pods;
			sourceTree = "<group>";
		};
		611A33C92D5E5F7600D19A53 = {
			isa = PBXGroup;
			children = (
				611A33D42D5E5F7600D19A53 /* APOD */,
				611A33D32D5E5F7600D19A53 /* Products */,
				23F2C3252B2951A39921CA23 /* Pods */,
				77A25A88A68DBA344A97E375 /* Frameworks */,
			);
			sourceTree = "<group>";
		};
		611A33D32D5E5F7600D19A53 /* Products */ = {
			isa = PBXGroup;
			children = (
				611A33D22D5E5F7600D19A53 /* APOD.app */,
			);
			name = Products;
			sourceTree = "<group>";
		};
		611A33D42D5E5F7600D19A53 /* APOD */ = {
			isa = PBXGroup;
			children = (
				611A34092D5FAF9500D19A53 /* Utils */,
				611A34012D5E77DE00D19A53 /* APODScreen */,
				611A33FE2D5E74F000D19A53 /* Model */,
				611A33ED2D5E726400D19A53 /* Service */,
				611A33D52D5E5F7600D19A53 /* AppDelegate.swift */,
				611A33D72D5E5F7600D19A53 /* SceneDelegate.swift */,
				611A33DE2D5E5F7900D19A53 /* Assets.xcassets */,
				611A33E02D5E5F7900D19A53 /* LaunchScreen.storyboard */,
				611A33E32D5E5F7900D19A53 /* Info.plist */,
			);
			path = APOD;
			sourceTree = "<group>";
		};
		611A33ED2D5E726400D19A53 /* Service */ = {
			isa = PBXGroup;
			children = (
				611A33EE2D5E72E600D19A53 /* RequestBuilder.swift */,
				611A33F02D5E731700D19A53 /* Endpoint.swift */,
				611A33F22D5E734600D19A53 /* HTTPMethod.swift */,
				611A33F42D5E737800D19A53 /* DefaultRequestBuilder.swift */,
				611A33F62D5E73A900D19A53 /* NetworkLogger.swift */,
				611A33F82D5E73D500D19A53 /* NetworkError.swift */,
				611A33FA2D5E73FD00D19A53 /* NetworkLayer.swift */,
				611A33FC2D5E742300D19A53 /* ServiceManager.swift */,
			);
			path = Service;
			sourceTree = "<group>";
		};
		611A33FE2D5E74F000D19A53 /* Model */ = {
			isa = PBXGroup;
			children = (
				611A33FF2D5E751500D19A53 /* APODResponse.swift */,
			);
			path = Model;
			sourceTree = "<group>";
		};
		611A34012D5E77DE00D19A53 /* APODScreen */ = {
			isa = PBXGroup;
			children = (
				611A34082D5FAF8100D19A53 /* ViewController */,
				611A34072D5FAF7700D19A53 /* View */,
				611A34062D5FAF6A00D19A53 /* ViewModel */,
				611A34052D5FAF6100D19A53 /* Service */,
				611A34032D5FAED700D19A53 /* APODService.swift */,
			);
			path = APODScreen;
			sourceTree = "<group>";
		};
		611A34052D5FAF6100D19A53 /* Service */ = {
			isa = PBXGroup;
			children = (
			);
			path = Service;
			sourceTree = "<group>";
		};
		611A34062D5FAF6A00D19A53 /* ViewModel */ = {
			isa = PBXGroup;
			children = (
				611A340A2D5FB04200D19A53 /* APODViewModel.swift */,
			);
			path = ViewModel;
			sourceTree = "<group>";
		};
		611A34072D5FAF7700D19A53 /* View */ = {
			isa = PBXGroup;
			children = (
				611A33EB2D5E68BD00D19A53 /* APODScreenView.swift */,
			);
			path = View;
			sourceTree = "<group>";
		};
		611A34082D5FAF8100D19A53 /* ViewController */ = {
			isa = PBXGroup;
			children = (
				611A33D92D5E5F7600D19A53 /* APODViewController.swift */,
			);
			path = ViewController;
			sourceTree = "<group>";
		};
		611A34092D5FAF9500D19A53 /* Utils */ = {
			isa = PBXGroup;
			children = (
				611A33E92D5E673300D19A53 /* ViewCode.swift */,
				611A340F2D60BE6800D19A53 /* APODTabBarController.swift */,
				611A34112D60D72B00D19A53 /* String+Extensions.swift */,
				611A34152D6107F200D19A53 /* LoadingView.swift */,
			);
			path = Utils;
			sourceTree = "<group>";
		};
		77A25A88A68DBA344A97E375 /* Frameworks */ = {
			isa = PBXGroup;
			children = (
				574AA0046AA52F75F2981601 /* Pods_APOD.framework */,
			);
			name = Frameworks;
			sourceTree = "<group>";
		};
/* End PBXGroup section */

/* Begin PBXNativeTarget section */
		611A33D12D5E5F7600D19A53 /* APOD */ = {
			isa = PBXNativeTarget;
			buildConfigurationList = 611A33E62D5E5F7900D19A53 /* Build configuration list for PBXNativeTarget "APOD" */;
			buildPhases = (
				C425ABFF7DA00A9060799DA5 /* [CP] Check Pods Manifest.lock */,
				611A33CE2D5E5F7600D19A53 /* Sources */,
				611A33CF2D5E5F7600D19A53 /* Frameworks */,
				611A33D02D5E5F7600D19A53 /* Resources */,
				627655395412E31B7D7350EE /* [CP] Embed Pods Frameworks */,
			);
			buildRules = (
			);
			dependencies = (
			);
			name = APOD;
			productName = APOD;
			productReference = 611A33D22D5E5F7600D19A53 /* APOD.app */;
			productType = "com.apple.product-type.application";
		};
/* End PBXNativeTarget section */

/* Begin PBXProject section */
		611A33CA2D5E5F7600D19A53 /* Project object */ = {
			isa = PBXProject;
			attributes = {
				BuildIndependentTargetsInParallel = 1;
				LastSwiftUpdateCheck = 1500;
				LastUpgradeCheck = 1500;
				TargetAttributes = {
					611A33D12D5E5F7600D19A53 = {
						CreatedOnToolsVersion = 15.0;
					};
				};
			};
			buildConfigurationList = 611A33CD2D5E5F7600D19A53 /* Build configuration list for PBXProject "APOD" */;
			compatibilityVersion = "Xcode 14.0";
			developmentRegion = en;
			hasScannedForEncodings = 0;
			knownRegions = (
				en,
				Base,
			);
			mainGroup = 611A33C92D5E5F7600D19A53;
			productRefGroup = 611A33D32D5E5F7600D19A53 /* Products */;
			projectDirPath = "";
			projectRoot = "";
			targets = (
				611A33D12D5E5F7600D19A53 /* APOD */,
			);
		};
/* End PBXProject section */

/* Begin PBXResourcesBuildPhase section */
		611A33D02D5E5F7600D19A53 /* Resources */ = {
			isa = PBXResourcesBuildPhase;
			buildActionMask = 2147483647;
			files = (
				611A33E22D5E5F7900D19A53 /* LaunchScreen.storyboard in Resources */,
				611A33DF2D5E5F7900D19A53 /* Assets.xcassets in Resources */,
			);
			runOnlyForDeploymentPostprocessing = 0;
		};
/* End PBXResourcesBuildPhase section */

/* Begin PBXShellScriptBuildPhase section */
		627655395412E31B7D7350EE /* [CP] Embed Pods Frameworks */ = {
			isa = PBXShellScriptBuildPhase;
			buildActionMask = 2147483647;
			files = (
			);
			inputFileListPaths = (
				"${PODS_ROOT}/Target Support Files/Pods-APOD/Pods-APOD-frameworks-${CONFIGURATION}-input-files.xcfilelist",
			);
			name = "[CP] Embed Pods Frameworks";
			outputFileListPaths = (
				"${PODS_ROOT}/Target Support Files/Pods-APOD/Pods-APOD-frameworks-${CONFIGURATION}-output-files.xcfilelist",
			);
			runOnlyForDeploymentPostprocessing = 0;
			shellPath = /bin/sh;
			shellScript = "\"${PODS_ROOT}/Target Support Files/Pods-APOD/Pods-APOD-frameworks.sh\"\n";
			showEnvVarsInLog = 0;
		};
		C425ABFF7DA00A9060799DA5 /* [CP] Check Pods Manifest.lock */ = {
			isa = PBXShellScriptBuildPhase;
			buildActionMask = 2147483647;
			files = (
			);
			inputFileListPaths = (
			);
			inputPaths = (
				"${PODS_PODFILE_DIR_PATH}/Podfile.lock",
				"${PODS_ROOT}/Manifest.lock",
			);
			name = "[CP] Check Pods Manifest.lock";
			outputFileListPaths = (
			);
			outputPaths = (
				"$(DERIVED_FILE_DIR)/Pods-APOD-checkManifestLockResult.txt",
			);
			runOnlyForDeploymentPostprocessing = 0;
			shellPath = /bin/sh;
			shellScript = "diff \"${PODS_PODFILE_DIR_PATH}/Podfile.lock\" \"${PODS_ROOT}/Manifest.lock\" > /dev/null\nif [ $? != 0 ] ; then\n    # print error to STDERR\n    echo \"error: The sandbox is not in sync with the Podfile.lock. Run 'pod install' or update your CocoaPods installation.\" >&2\n    exit 1\nfi\n# This output is used by Xcode 'outputs' to avoid re-running this script phase.\necho \"SUCCESS\" > \"${SCRIPT_OUTPUT_FILE_0}\"\n";
			showEnvVarsInLog = 0;
		};
/* End PBXShellScriptBuildPhase section */

/* Begin PBXSourcesBuildPhase section */
		611A33CE2D5E5F7600D19A53 /* Sources */ = {
			isa = PBXSourcesBuildPhase;
			buildActionMask = 2147483647;
			files = (
				611A33FB2D5E73FD00D19A53 /* NetworkLayer.swift in Sources */,
				611A33F72D5E73A900D19A53 /* NetworkLogger.swift in Sources */,
				611A34042D5FAED700D19A53 /* APODService.swift in Sources */,
				611A34002D5E751500D19A53 /* APODResponse.swift in Sources */,
				611A34122D60D72B00D19A53 /* String+Extensions.swift in Sources */,
				611A33F12D5E731700D19A53 /* Endpoint.swift in Sources */,
				611A33DA2D5E5F7600D19A53 /* APODViewController.swift in Sources */,
				611A33FD2D5E742300D19A53 /* ServiceManager.swift in Sources */,
				611A33D62D5E5F7600D19A53 /* AppDelegate.swift in Sources */,
				611A33EC2D5E68BD00D19A53 /* APODScreenView.swift in Sources */,
				611A33F32D5E734600D19A53 /* HTTPMethod.swift in Sources */,
				611A33F52D5E737800D19A53 /* DefaultRequestBuilder.swift in Sources */,
				611A33EF2D5E72E600D19A53 /* RequestBuilder.swift in Sources */,
				611A33D82D5E5F7600D19A53 /* SceneDelegate.swift in Sources */,
				611A33F92D5E73D500D19A53 /* NetworkError.swift in Sources */,
				611A34102D60BE6800D19A53 /* APODTabBarController.swift in Sources */,
				611A340B2D5FB04200D19A53 /* APODViewModel.swift in Sources */,
				611A34162D6107F200D19A53 /* LoadingView.swift in Sources */,
				611A33EA2D5E673300D19A53 /* ViewCode.swift in Sources */,
			);
			runOnlyForDeploymentPostprocessing = 0;
		};
/* End PBXSourcesBuildPhase section */

/* Begin PBXVariantGroup section */
		611A33E02D5E5F7900D19A53 /* LaunchScreen.storyboard */ = {
			isa = PBXVariantGroup;
			children = (
				611A33E12D5E5F7900D19A53 /* Base */,
			);
			name = LaunchScreen.storyboard;
			sourceTree = "<group>";
		};
/* End PBXVariantGroup section */

/* Begin XCBuildConfiguration section */
		611A33E42D5E5F7900D19A53 /* Debug */ = {
			isa = XCBuildConfiguration;
			buildSettings = {
				ALWAYS_SEARCH_USER_PATHS = NO;
				ASSETCATALOG_COMPILER_GENERATE_SWIFT_ASSET_SYMBOL_EXTENSIONS = YES;
				CLANG_ANALYZER_NONNULL = YES;
				CLANG_ANALYZER_NUMBER_OBJECT_CONVERSION = YES_AGGRESSIVE;
				CLANG_CXX_LANGUAGE_STANDARD = "gnu++20";
				CLANG_ENABLE_MODULES = YES;
				CLANG_ENABLE_OBJC_ARC = YES;
				CLANG_ENABLE_OBJC_WEAK = YES;
				CLANG_WARN_BLOCK_CAPTURE_AUTORELEASING = YES;
				CLANG_WARN_BOOL_CONVERSION = YES;
				CLANG_WARN_COMMA = YES;
				CLANG_WARN_CONSTANT_CONVERSION = YES;
				CLANG_WARN_DEPRECATED_OBJC_IMPLEMENTATIONS = YES;
				CLANG_WARN_DIRECT_OBJC_ISA_USAGE = YES_ERROR;
				CLANG_WARN_DOCUMENTATION_COMMENTS = YES;
				CLANG_WARN_EMPTY_BODY = YES;
				CLANG_WARN_ENUM_CONVERSION = YES;
				CLANG_WARN_INFINITE_RECURSION = YES;
				CLANG_WARN_INT_CONVERSION = YES;
				CLANG_WARN_NON_LITERAL_NULL_CONVERSION = YES;
				CLANG_WARN_OBJC_IMPLICIT_RETAIN_SELF = YES;
				CLANG_WARN_OBJC_LITERAL_CONVERSION = YES;
				CLANG_WARN_OBJC_ROOT_CLASS = YES_ERROR;
				CLANG_WARN_QUOTED_INCLUDE_IN_FRAMEWORK_HEADER = YES;
				CLANG_WARN_RANGE_LOOP_ANALYSIS = YES;
				CLANG_WARN_STRICT_PROTOTYPES = YES;
				CLANG_WARN_SUSPICIOUS_MOVE = YES;
				CLANG_WARN_UNGUARDED_AVAILABILITY = YES_AGGRESSIVE;
				CLANG_WARN_UNREACHABLE_CODE = YES;
				CLANG_WARN__DUPLICATE_METHOD_MATCH = YES;
				COPY_PHASE_STRIP = NO;
				DEBUG_INFORMATION_FORMAT = dwarf;
				ENABLE_STRICT_OBJC_MSGSEND = YES;
				ENABLE_TESTABILITY = YES;
				ENABLE_USER_SCRIPT_SANDBOXING = YES;
				GCC_C_LANGUAGE_STANDARD = gnu17;
				GCC_DYNAMIC_NO_PIC = NO;
				GCC_NO_COMMON_BLOCKS = YES;
				GCC_OPTIMIZATION_LEVEL = 0;
				GCC_PREPROCESSOR_DEFINITIONS = (
					"DEBUG=1",
					"$(inherited)",
				);
				GCC_WARN_64_TO_32_BIT_CONVERSION = YES;
				GCC_WARN_ABOUT_RETURN_TYPE = YES_ERROR;
				GCC_WARN_UNDECLARED_SELECTOR = YES;
				GCC_WARN_UNINITIALIZED_AUTOS = YES_AGGRESSIVE;
				GCC_WARN_UNUSED_FUNCTION = YES;
				GCC_WARN_UNUSED_VARIABLE = YES;
				IPHONEOS_DEPLOYMENT_TARGET = 17.0;
				LOCALIZATION_PREFERS_STRING_CATALOGS = YES;
				MTL_ENABLE_DEBUG_INFO = INCLUDE_SOURCE;
				MTL_FAST_MATH = YES;
				ONLY_ACTIVE_ARCH = YES;
				SDKROOT = iphoneos;
				SWIFT_ACTIVE_COMPILATION_CONDITIONS = "DEBUG $(inherited)";
				SWIFT_OPTIMIZATION_LEVEL = "-Onone";
			};
			name = Debug;
		};
		611A33E52D5E5F7900D19A53 /* Release */ = {
			isa = XCBuildConfiguration;
			buildSettings = {
				ALWAYS_SEARCH_USER_PATHS = NO;
				ASSETCATALOG_COMPILER_GENERATE_SWIFT_ASSET_SYMBOL_EXTENSIONS = YES;
				CLANG_ANALYZER_NONNULL = YES;
				CLANG_ANALYZER_NUMBER_OBJECT_CONVERSION = YES_AGGRESSIVE;
				CLANG_CXX_LANGUAGE_STANDARD = "gnu++20";
				CLANG_ENABLE_MODULES = YES;
				CLANG_ENABLE_OBJC_ARC = YES;
				CLANG_ENABLE_OBJC_WEAK = YES;
				CLANG_WARN_BLOCK_CAPTURE_AUTORELEASING = YES;
				CLANG_WARN_BOOL_CONVERSION = YES;
				CLANG_WARN_COMMA = YES;
				CLANG_WARN_CONSTANT_CONVERSION = YES;
				CLANG_WARN_DEPRECATED_OBJC_IMPLEMENTATIONS = YES;
				CLANG_WARN_DIRECT_OBJC_ISA_USAGE = YES_ERROR;
				CLANG_WARN_DOCUMENTATION_COMMENTS = YES;
				CLANG_WARN_EMPTY_BODY = YES;
				CLANG_WARN_ENUM_CONVERSION = YES;
				CLANG_WARN_INFINITE_RECURSION = YES;
				CLANG_WARN_INT_CONVERSION = YES;
				CLANG_WARN_NON_LITERAL_NULL_CONVERSION = YES;
				CLANG_WARN_OBJC_IMPLICIT_RETAIN_SELF = YES;
				CLANG_WARN_OBJC_LITERAL_CONVERSION = YES;
				CLANG_WARN_OBJC_ROOT_CLASS = YES_ERROR;
				CLANG_WARN_QUOTED_INCLUDE_IN_FRAMEWORK_HEADER = YES;
				CLANG_WARN_RANGE_LOOP_ANALYSIS = YES;
				CLANG_WARN_STRICT_PROTOTYPES = YES;
				CLANG_WARN_SUSPICIOUS_MOVE = YES;
				CLANG_WARN_UNGUARDED_AVAILABILITY = YES_AGGRESSIVE;
				CLANG_WARN_UNREACHABLE_CODE = YES;
				CLANG_WARN__DUPLICATE_METHOD_MATCH = YES;
				COPY_PHASE_STRIP = NO;
				DEBUG_INFORMATION_FORMAT = "dwarf-with-dsym";
				ENABLE_NS_ASSERTIONS = NO;
				ENABLE_STRICT_OBJC_MSGSEND = YES;
				ENABLE_USER_SCRIPT_SANDBOXING = YES;
				GCC_C_LANGUAGE_STANDARD = gnu17;
				GCC_NO_COMMON_BLOCKS = YES;
				GCC_WARN_64_TO_32_BIT_CONVERSION = YES;
				GCC_WARN_ABOUT_RETURN_TYPE = YES_ERROR;
				GCC_WARN_UNDECLARED_SELECTOR = YES;
				GCC_WARN_UNINITIALIZED_AUTOS = YES_AGGRESSIVE;
				GCC_WARN_UNUSED_FUNCTION = YES;
				GCC_WARN_UNUSED_VARIABLE = YES;
				IPHONEOS_DEPLOYMENT_TARGET = 17.0;
				LOCALIZATION_PREFERS_STRING_CATALOGS = YES;
				MTL_ENABLE_DEBUG_INFO = NO;
				MTL_FAST_MATH = YES;
				SDKROOT = iphoneos;
				SWIFT_COMPILATION_MODE = wholemodule;
				VALIDATE_PRODUCT = YES;
			};
			name = Release;
		};
		611A33E72D5E5F7900D19A53 /* Debug */ = {
			isa = XCBuildConfiguration;
			baseConfigurationReference = 93735CB33E99B323E502FE62 /* Pods-APOD.debug.xcconfig */;
			buildSettings = {
				ASSETCATALOG_COMPILER_APPICON_NAME = AppIcon;
				ASSETCATALOG_COMPILER_GLOBAL_ACCENT_COLOR_NAME = AccentColor;
				CODE_SIGN_STYLE = Automatic;
				CURRENT_PROJECT_VERSION = 1;
				DEVELOPMENT_TEAM = C3X5LUYPC4;
				ENABLE_USER_SCRIPT_SANDBOXING = NO;
				GENERATE_INFOPLIST_FILE = YES;
				INFOPLIST_FILE = APOD/Info.plist;
				INFOPLIST_KEY_UIApplicationSupportsIndirectInputEvents = YES;
				INFOPLIST_KEY_UILaunchStoryboardName = LaunchScreen;
				INFOPLIST_KEY_UISupportedInterfaceOrientations_iPad = "UIInterfaceOrientationPortrait UIInterfaceOrientationPortraitUpsideDown UIInterfaceOrientationLandscapeLeft UIInterfaceOrientationLandscapeRight";
				INFOPLIST_KEY_UISupportedInterfaceOrientations_iPhone = "UIInterfaceOrientationPortrait UIInterfaceOrientationLandscapeLeft UIInterfaceOrientationLandscapeRight";
				LD_RUNPATH_SEARCH_PATHS = (
					"$(inherited)",
					"@executable_path/Frameworks",
				);
				MARKETING_VERSION = 1.0;
				PRODUCT_BUNDLE_IDENTIFIER = com.FabricioPujol.APOD;
				PRODUCT_NAME = "$(TARGET_NAME)";
				SWIFT_EMIT_LOC_STRINGS = YES;
				SWIFT_VERSION = 5.0;
				TARGETED_DEVICE_FAMILY = "1,2";
			};
			name = Debug;
		};
		611A33E82D5E5F7900D19A53 /* Release */ = {
			isa = XCBuildConfiguration;
			baseConfigurationReference = 2F4F4BF98B2D333ADD1F7E7E /* Pods-APOD.release.xcconfig */;
			buildSettings = {
				ASSETCATALOG_COMPILER_APPICON_NAME = AppIcon;
				ASSETCATALOG_COMPILER_GLOBAL_ACCENT_COLOR_NAME = AccentColor;
				CODE_SIGN_STYLE = Automatic;
				CURRENT_PROJECT_VERSION = 1;
				DEVELOPMENT_TEAM = C3X5LUYPC4;
				ENABLE_USER_SCRIPT_SANDBOXING = NO;
				GENERATE_INFOPLIST_FILE = YES;
				INFOPLIST_FILE = APOD/Info.plist;
				INFOPLIST_KEY_UIApplicationSupportsIndirectInputEvents = YES;
				INFOPLIST_KEY_UILaunchStoryboardName = LaunchScreen;
				INFOPLIST_KEY_UISupportedInterfaceOrientations_iPad = "UIInterfaceOrientationPortrait UIInterfaceOrientationPortraitUpsideDown UIInterfaceOrientationLandscapeLeft UIInterfaceOrientationLandscapeRight";
				INFOPLIST_KEY_UISupportedInterfaceOrientations_iPhone = "UIInterfaceOrientationPortrait UIInterfaceOrientationLandscapeLeft UIInterfaceOrientationLandscapeRight";
				LD_RUNPATH_SEARCH_PATHS = (
					"$(inherited)",
					"@executable_path/Frameworks",
				);
				MARKETING_VERSION = 1.0;
				PRODUCT_BUNDLE_IDENTIFIER = com.FabricioPujol.APOD;
				PRODUCT_NAME = "$(TARGET_NAME)";
				SWIFT_EMIT_LOC_STRINGS = YES;
				SWIFT_VERSION = 5.0;
				TARGETED_DEVICE_FAMILY = "1,2";
			};
			name = Release;
		};
/* End XCBuildConfiguration section */

/* Begin XCConfigurationList section */
		611A33CD2D5E5F7600D19A53 /* Build configuration list for PBXProject "APOD" */ = {
			isa = XCConfigurationList;
			buildConfigurations = (
				611A33E42D5E5F7900D19A53 /* Debug */,
				611A33E52D5E5F7900D19A53 /* Release */,
			);
			defaultConfigurationIsVisible = 0;
			defaultConfigurationName = Release;
		};
		611A33E62D5E5F7900D19A53 /* Build configuration list for PBXNativeTarget "APOD" */ = {
			isa = XCConfigurationList;
			buildConfigurations = (
				611A33E72D5E5F7900D19A53 /* Debug */,
				611A33E82D5E5F7900D19A53 /* Release */,
			);
			defaultConfigurationIsVisible = 0;
			defaultConfigurationName = Release;
		};
/* End XCConfigurationList section */
	};
	rootObject = 611A33CA2D5E5F7600D19A53 /* Project object */;
}
